// !$*UTF8*$!
{
	archiveVersion = 1;
	classes = {
	};
	objectVersion = 46;
	objects = {

/* Begin PBXBuildFile section */
		618C8A4D18F566B300E6BA1B /* Foundation.framework in Frameworks */ = {isa = PBXBuildFile; fileRef = 618C8A4C18F566B300E6BA1B /* Foundation.framework */; };
		618C8A4F18F566B300E6BA1B /* CoreGraphics.framework in Frameworks */ = {isa = PBXBuildFile; fileRef = 618C8A4E18F566B300E6BA1B /* CoreGraphics.framework */; };
		618C8A5118F566B300E6BA1B /* UIKit.framework in Frameworks */ = {isa = PBXBuildFile; fileRef = 618C8A5018F566B300E6BA1B /* UIKit.framework */; };
		618C8A5718F566B300E6BA1B /* InfoPlist.strings in Resources */ = {isa = PBXBuildFile; fileRef = 618C8A5518F566B300E6BA1B /* InfoPlist.strings */; };
		618C8A5918F566B300E6BA1B /* main.m in Sources */ = {isa = PBXBuildFile; fileRef = 618C8A5818F566B300E6BA1B /* main.m */; };
		618C8A5D18F566B300E6BA1B /* AppDelegate.m in Sources */ = {isa = PBXBuildFile; fileRef = 618C8A5C18F566B300E6BA1B /* AppDelegate.m */; };
		618C8A6018F566B300E6BA1B /* Main.storyboard in Resources */ = {isa = PBXBuildFile; fileRef = 618C8A5E18F566B300E6BA1B /* Main.storyboard */; };
		618C8A6318F566B300E6BA1B /* ViewController.m in Sources */ = {isa = PBXBuildFile; fileRef = 618C8A6218F566B300E6BA1B /* ViewController.m */; };
		618C8A6518F566B300E6BA1B /* Images.xcassets in Resources */ = {isa = PBXBuildFile; fileRef = 618C8A6418F566B300E6BA1B /* Images.xcassets */; };
		618C8A6C18F566B400E6BA1B /* XCTest.framework in Frameworks */ = {isa = PBXBuildFile; fileRef = 618C8A6B18F566B400E6BA1B /* XCTest.framework */; };
		618C8A6D18F566B400E6BA1B /* Foundation.framework in Frameworks */ = {isa = PBXBuildFile; fileRef = 618C8A4C18F566B300E6BA1B /* Foundation.framework */; };
		618C8A6E18F566B400E6BA1B /* UIKit.framework in Frameworks */ = {isa = PBXBuildFile; fileRef = 618C8A5018F566B300E6BA1B /* UIKit.framework */; };
		618C8A7618F566B400E6BA1B /* InfoPlist.strings in Resources */ = {isa = PBXBuildFile; fileRef = 618C8A7418F566B400E6BA1B /* InfoPlist.strings */; };
		618C8A7818F566B400E6BA1B /* TaxiServiceTests.m in Sources */ = {isa = PBXBuildFile; fileRef = 618C8A7718F566B400E6BA1B /* TaxiServiceTests.m */; };
/* End PBXBuildFile section */

/* Begin PBXContainerItemProxy section */
		618C8A6F18F566B400E6BA1B /* PBXContainerItemProxy */ = {
			isa = PBXContainerItemProxy;
			containerPortal = 618C8A4118F566B300E6BA1B /* Project object */;
			proxyType = 1;
			remoteGlobalIDString = 618C8A4818F566B300E6BA1B;
			remoteInfo = TaxiService;
		};
/* End PBXContainerItemProxy section */

/* Begin PBXFileReference section */
		618C8A4918F566B300E6BA1B /* TaxiService.app */ = {isa = PBXFileReference; explicitFileType = wrapper.application; includeInIndex = 0; path = TaxiService.app; sourceTree = BUILT_PRODUCTS_DIR; };
		618C8A4C18F566B300E6BA1B /* Foundation.framework */ = {isa = PBXFileReference; lastKnownFileType = wrapper.framework; name = Foundation.framework; path = System/Library/Frameworks/Foundation.framework; sourceTree = SDKROOT; };
		618C8A4E18F566B300E6BA1B /* CoreGraphics.framework */ = {isa = PBXFileReference; lastKnownFileType = wrapper.framework; name = CoreGraphics.framework; path = System/Library/Frameworks/CoreGraphics.framework; sourceTree = SDKROOT; };
		618C8A5018F566B300E6BA1B /* UIKit.framework */ = {isa = PBXFileReference; lastKnownFileType = wrapper.framework; name = UIKit.framework; path = System/Library/Frameworks/UIKit.framework; sourceTree = SDKROOT; };
		618C8A5418F566B300E6BA1B /* TaxiService-Info.plist */ = {isa = PBXFileReference; lastKnownFileType = text.plist.xml; path = "TaxiService-Info.plist"; sourceTree = "<group>"; };
		618C8A5618F566B300E6BA1B /* en */ = {isa = PBXFileReference; lastKnownFileType = text.plist.strings; name = en; path = en.lproj/InfoPlist.strings; sourceTree = "<group>"; };
		618C8A5818F566B300E6BA1B /* main.m */ = {isa = PBXFileReference; lastKnownFileType = sourcecode.c.objc; path = main.m; sourceTree = "<group>"; };
		618C8A5A18F566B300E6BA1B /* TaxiService-Prefix.pch */ = {isa = PBXFileReference; lastKnownFileType = sourcecode.c.h; path = "TaxiService-Prefix.pch"; sourceTree = "<group>"; };
		618C8A5B18F566B300E6BA1B /* AppDelegate.h */ = {isa = PBXFileReference; lastKnownFileType = sourcecode.c.h; path = AppDelegate.h; sourceTree = "<group>"; };
		618C8A5C18F566B300E6BA1B /* AppDelegate.m */ = {isa = PBXFileReference; lastKnownFileType = sourcecode.c.objc; path = AppDelegate.m; sourceTree = "<group>"; };
		618C8A5F18F566B300E6BA1B /* Base */ = {isa = PBXFileReference; lastKnownFileType = file.storyboard; name = Base; path = Base.lproj/Main.storyboard; sourceTree = "<group>"; };
		618C8A6118F566B300E6BA1B /* ViewController.h */ = {isa = PBXFileReference; lastKnownFileType = sourcecode.c.h; path = ViewController.h; sourceTree = "<group>"; };
		618C8A6218F566B300E6BA1B /* ViewController.m */ = {isa = PBXFileReference; lastKnownFileType = sourcecode.c.objc; path = ViewController.m; sourceTree = "<group>"; };
		618C8A6418F566B300E6BA1B /* Images.xcassets */ = {isa = PBXFileReference; lastKnownFileType = folder.assetcatalog; path = Images.xcassets; sourceTree = "<group>"; };
		618C8A6A18F566B400E6BA1B /* TaxiServiceTests.xctest */ = {isa = PBXFileReference; explicitFileType = wrapper.cfbundle; includeInIndex = 0; path = TaxiServiceTests.xctest; sourceTree = BUILT_PRODUCTS_DIR; };
		618C8A6B18F566B400E6BA1B /* XCTest.framework */ = {isa = PBXFileReference; lastKnownFileType = wrapper.framework; name = XCTest.framework; path = Library/Frameworks/XCTest.framework; sourceTree = DEVELOPER_DIR; };
		618C8A7318F566B400E6BA1B /* TaxiServiceTests-Info.plist */ = {isa = PBXFileReference; lastKnownFileType = text.plist.xml; path = "TaxiServiceTests-Info.plist"; sourceTree = "<group>"; };
		618C8A7518F566B400E6BA1B /* en */ = {isa = PBXFileReference; lastKnownFileType = text.plist.strings; name = en; path = en.lproj/InfoPlist.strings; sourceTree = "<group>"; };
		618C8A7718F566B400E6BA1B /* TaxiServiceTests.m */ = {isa = PBXFileReference; lastKnownFileType = sourcecode.c.objc; path = TaxiServiceTests.m; sourceTree = "<group>"; };
/* End PBXFileReference section */

/* Begin PBXFrameworksBuildPhase section */
		618C8A4618F566B300E6BA1B /* Frameworks */ = {
			isa = PBXFrameworksBuildPhase;
			buildActionMask = 2147483647;
			files = (
				618C8A4F18F566B300E6BA1B /* CoreGraphics.framework in Frameworks */,
				618C8A5118F566B300E6BA1B /* UIKit.framework in Frameworks */,
				618C8A4D18F566B300E6BA1B /* Foundation.framework in Frameworks */,
			);
			runOnlyForDeploymentPostprocessing = 0;
		};
		618C8A6718F566B400E6BA1B /* Frameworks */ = {
			isa = PBXFrameworksBuildPhase;
			buildActionMask = 2147483647;
			files = (
				618C8A6C18F566B400E6BA1B /* XCTest.framework in Frameworks */,
				618C8A6E18F566B400E6BA1B /* UIKit.framework in Frameworks */,
				618C8A6D18F566B400E6BA1B /* Foundation.framework in Frameworks */,
			);
			runOnlyForDeploymentPostprocessing = 0;
		};
/* End PBXFrameworksBuildPhase section */

/* Begin PBXGroup section */
		618C8A4018F566B300E6BA1B = {
			isa = PBXGroup;
			children = (
				618C8A5218F566B300E6BA1B /* TaxiService */,
				618C8A7118F566B400E6BA1B /* TaxiServiceTests */,
				618C8A4B18F566B300E6BA1B /* Frameworks */,
				618C8A4A18F566B300E6BA1B /* Products */,
			);
			sourceTree = "<group>";
		};
		618C8A4A18F566B300E6BA1B /* Products */ = {
			isa = PBXGroup;
			children = (
				618C8A4918F566B300E6BA1B /* TaxiService.app */,
				618C8A6A18F566B400E6BA1B /* TaxiServiceTests.xctest */,
			);
			name = Products;
			sourceTree = "<group>";
		};
		618C8A4B18F566B300E6BA1B /* Frameworks */ = {
			isa = PBXGroup;
			children = (
				618C8A4C18F566B300E6BA1B /* Foundation.framework */,
				618C8A4E18F566B300E6BA1B /* CoreGraphics.framework */,
				618C8A5018F566B300E6BA1B /* UIKit.framework */,
				618C8A6B18F566B400E6BA1B /* XCTest.framework */,
			);
			name = Frameworks;
			sourceTree = "<group>";
		};
		618C8A5218F566B300E6BA1B /* TaxiService */ = {
			isa = PBXGroup;
			children = (
				618C8A5B18F566B300E6BA1B /* AppDelegate.h */,
				618C8A5C18F566B300E6BA1B /* AppDelegate.m */,
				618C8A5E18F566B300E6BA1B /* Main.storyboard */,
				618C8A6118F566B300E6BA1B /* ViewController.h */,
				618C8A6218F566B300E6BA1B /* ViewController.m */,
				618C8A6418F566B300E6BA1B /* Images.xcassets */,
				618C8A5318F566B300E6BA1B /* Supporting Files */,
			);
			path = TaxiService;
			sourceTree = "<group>";
		};
		618C8A5318F566B300E6BA1B /* Supporting Files */ = {
			isa = PBXGroup;
			children = (
				618C8A5418F566B300E6BA1B /* TaxiService-Info.plist */,
				618C8A5518F566B300E6BA1B /* InfoPlist.strings */,
				618C8A5818F566B300E6BA1B /* main.m */,
				618C8A5A18F566B300E6BA1B /* TaxiService-Prefix.pch */,
			);
			name = "Supporting Files";
			sourceTree = "<group>";
		};
		618C8A7118F566B400E6BA1B /* TaxiServiceTests */ = {
			isa = PBXGroup;
			children = (
				618C8A7718F566B400E6BA1B /* TaxiServiceTests.m */,
				618C8A7218F566B400E6BA1B /* Supporting Files */,
			);
			path = TaxiServiceTests;
			sourceTree = "<group>";
		};
		618C8A7218F566B400E6BA1B /* Supporting Files */ = {
			isa = PBXGroup;
			children = (
				618C8A7318F566B400E6BA1B /* TaxiServiceTests-Info.plist */,
				618C8A7418F566B400E6BA1B /* InfoPlist.strings */,
			);
			name = "Supporting Files";
			sourceTree = "<group>";
		};
/* End PBXGroup section */

/* Begin PBXNativeTarget section */
		618C8A4818F566B300E6BA1B /* TaxiService */ = {
			isa = PBXNativeTarget;
			buildConfigurationList = 618C8A7B18F566B400E6BA1B /* Build configuration list for PBXNativeTarget "TaxiService" */;
			buildPhases = (
				618C8A4518F566B300E6BA1B /* Sources */,
				618C8A4618F566B300E6BA1B /* Frameworks */,
				618C8A4718F566B300E6BA1B /* Resources */,
			);
			buildRules = (
			);
			dependencies = (
			);
			name = TaxiService;
			productName = TaxiService;
			productReference = 618C8A4918F566B300E6BA1B /* TaxiService.app */;
			productType = "com.apple.product-type.application";
		};
		618C8A6918F566B400E6BA1B /* TaxiServiceTests */ = {
			isa = PBXNativeTarget;
			buildConfigurationList = 618C8A7E18F566B400E6BA1B /* Build configuration list for PBXNativeTarget "TaxiServiceTests" */;
			buildPhases = (
				618C8A6618F566B400E6BA1B /* Sources */,
				618C8A6718F566B400E6BA1B /* Frameworks */,
				618C8A6818F566B400E6BA1B /* Resources */,
			);
			buildRules = (
			);
			dependencies = (
				618C8A7018F566B400E6BA1B /* PBXTargetDependency */,
			);
			name = TaxiServiceTests;
			productName = TaxiServiceTests;
			productReference = 618C8A6A18F566B400E6BA1B /* TaxiServiceTests.xctest */;
			productType = "com.apple.product-type.bundle.unit-test";
		};
/* End PBXNativeTarget section */

/* Begin PBXProject section */
		618C8A4118F566B300E6BA1B /* Project object */ = {
			isa = PBXProject;
			attributes = {
				LastUpgradeCheck = 0500;
				ORGANIZATIONNAME = chetan;
				TargetAttributes = {
					618C8A6918F566B400E6BA1B = {
						TestTargetID = 618C8A4818F566B300E6BA1B;
					};
				};
			};
			buildConfigurationList = 618C8A4418F566B300E6BA1B /* Build configuration list for PBXProject "TaxiService" */;
			compatibilityVersion = "Xcode 3.2";
			developmentRegion = English;
			hasScannedForEncodings = 0;
			knownRegions = (
				en,
				Base,
			);
			mainGroup = 618C8A4018F566B300E6BA1B;
			productRefGroup = 618C8A4A18F566B300E6BA1B /* Products */;
			projectDirPath = "";
			projectRoot = "";
			targets = (
				618C8A4818F566B300E6BA1B /* TaxiService */,
				618C8A6918F566B400E6BA1B /* TaxiServiceTests */,
			);
		};
/* End PBXProject section */

/* Begin PBXResourcesBuildPhase section */
		618C8A4718F566B300E6BA1B /* Resources */ = {
			isa = PBXResourcesBuildPhase;
			buildActionMask = 2147483647;
			files = (
				618C8A6518F566B300E6BA1B /* Images.xcassets in Resources */,
				618C8A5718F566B300E6BA1B /* InfoPlist.strings in Resources */,
				618C8A6018F566B300E6BA1B /* Main.storyboard in Resources */,
			);
			runOnlyForDeploymentPostprocessing = 0;
		};
		618C8A6818F566B400E6BA1B /* Resources */ = {
			isa = PBXResourcesBuildPhase;
			buildActionMask = 2147483647;
			files = (
				618C8A7618F566B400E6BA1B /* InfoPlist.strings in Resources */,
			);
			runOnlyForDeploymentPostprocessing = 0;
		};
/* End PBXResourcesBuildPhase section */

/* Begin PBXSourcesBuildPhase section */
		618C8A4518F566B300E6BA1B /* Sources */ = {
			isa = PBXSourcesBuildPhase;
			buildActionMask = 2147483647;
			files = (
				618C8A6318F566B300E6BA1B /* ViewController.m in Sources */,
				618C8A5D18F566B300E6BA1B /* AppDelegate.m in Sources */,
				618C8A5918F566B300E6BA1B /* main.m in Sources */,
			);
			runOnlyForDeploymentPostprocessing = 0;
		};
		618C8A6618F566B400E6BA1B /* Sources */ = {
			isa = PBXSourcesBuildPhase;
			buildActionMask = 2147483647;
			files = (
				618C8A7818F566B400E6BA1B /* TaxiServiceTests.m in Sources */,
			);
			runOnlyForDeploymentPostprocessing = 0;
		};
/* End PBXSourcesBuildPhase section */

/* Begin PBXTargetDependency section */
		618C8A7018F566B400E6BA1B /* PBXTargetDependency */ = {
			isa = PBXTargetDependency;
			target = 618C8A4818F566B300E6BA1B /* TaxiService */;
			targetProxy = 618C8A6F18F566B400E6BA1B /* PBXContainerItemProxy */;
		};
/* End PBXTargetDependency section */

/* Begin PBXVariantGroup section */
		618C8A5518F566B300E6BA1B /* InfoPlist.strings */ = {
			isa = PBXVariantGroup;
			children = (
				618C8A5618F566B300E6BA1B /* en */,
			);
			name = InfoPlist.strings;
			sourceTree = "<group>";
		};
		618C8A5E18F566B300E6BA1B /* Main.storyboard */ = {
			isa = PBXVariantGroup;
			children = (
				618C8A5F18F566B300E6BA1B /* Base */,
			);
			name = Main.storyboard;
			sourceTree = "<group>";
		};
		618C8A7418F566B400E6BA1B /* InfoPlist.strings */ = {
			isa = PBXVariantGroup;
			children = (
				618C8A7518F566B400E6BA1B /* en */,
			);
			name = InfoPlist.strings;
			sourceTree = "<group>";
		};
/* End PBXVariantGroup section */

/* Begin XCBuildConfiguration section */
		618C8A7918F566B400E6BA1B /* Debug */ = {
			isa = XCBuildConfiguration;
			buildSettings = {
				ALWAYS_SEARCH_USER_PATHS = NO;
				ARCHS = "$(ARCHS_STANDARD_INCLUDING_64_BIT)";
				CLANG_CXX_LANGUAGE_STANDARD = "gnu++0x";
				CLANG_CXX_LIBRARY = "libc++";
				CLANG_ENABLE_MODULES = YES;
				CLANG_ENABLE_OBJC_ARC = YES;
				CLANG_WARN_BOOL_CONVERSION = YES;
				CLANG_WARN_CONSTANT_CONVERSION = YES;
				CLANG_WARN_DIRECT_OBJC_ISA_USAGE = YES_ERROR;
				CLANG_WARN_EMPTY_BODY = YES;
				CLANG_WARN_ENUM_CONVERSION = YES;
				CLANG_WARN_INT_CONVERSION = YES;
				CLANG_WARN_OBJC_ROOT_CLASS = YES_ERROR;
				CLANG_WARN__DUPLICATE_METHOD_MATCH = YES;
				"CODE_SIGN_IDENTITY[sdk=iphoneos*]" = "iPhone Developer";
				COPY_PHASE_STRIP = NO;
				GCC_C_LANGUAGE_STANDARD = gnu99;
				GCC_DYNAMIC_NO_PIC = NO;
				GCC_OPTIMIZATION_LEVEL = 0;
				GCC_PREPROCESSOR_DEFINITIONS = (
					"DEBUG=1",
					"$(inherited)",
				);
				GCC_SYMBOLS_PRIVATE_EXTERN = NO;
				GCC_WARN_64_TO_32_BIT_CONVERSION = YES;
				GCC_WARN_ABOUT_RETURN_TYPE = YES_ERROR;
				GCC_WARN_UNDECLARED_SELECTOR = YES;
				GCC_WARN_UNINITIALIZED_AUTOS = YES;
				GCC_WARN_UNUSED_FUNCTION = YES;
				GCC_WARN_UNUSED_VARIABLE = YES;
				IPHONEOS_DEPLOYMENT_TARGET = 7.0;
				ONLY_ACTIVE_ARCH = YES;
				SDKROOT = iphoneos;
			};
			name = Debug;
		};
		618C8A7A18F566B400E6BA1B /* Release */ = {
			isa = XCBuildConfiguration;
			buildSettings = {
				ALWAYS_SEARCH_USER_PATHS = NO;
				ARCHS = "$(ARCHS_STANDARD_INCLUDING_64_BIT)";
				CLANG_CXX_LANGUAGE_STANDARD = "gnu++0x";
				CLANG_CXX_LIBRARY = "libc++";
				CLANG_ENABLE_MODULES = YES;
				CLANG_ENABLE_OBJC_ARC = YES;
				CLANG_WARN_BOOL_CONVERSION = YES;
				CLANG_WARN_CONSTANT_CONVERSION = YES;
				CLANG_WARN_DIRECT_OBJC_ISA_USAGE = YES_ERROR;
				CLANG_WARN_EMPTY_BODY = YES;
				CLANG_WARN_ENUM_CONVERSION = YES;
				CLANG_WARN_INT_CONVERSION = YES;
				CLANG_WARN_OBJC_ROOT_CLASS = YES_ERROR;
				CLANG_WARN__DUPLICATE_METHOD_MATCH = YES;
				"CODE_SIGN_IDENTITY[sdk=iphoneos*]" = "iPhone Developer";
				COPY_PHASE_STRIP = YES;
				ENABLE_NS_ASSERTIONS = NO;
				GCC_C_LANGUAGE_STANDARD = gnu99;
				GCC_WARN_64_TO_32_BIT_CONVERSION = YES;
				GCC_WARN_ABOUT_RETURN_TYPE = YES_ERROR;
				GCC_WARN_UNDECLARED_SELECTOR = YES;
				GCC_WARN_UNINITIALIZED_AUTOS = YES;
				GCC_WARN_UNUSED_FUNCTION = YES;
				GCC_WARN_UNUSED_VARIABLE = YES;
				IPHONEOS_DEPLOYMENT_TARGET = 7.0;
				SDKROOT = iphoneos;
				VALIDATE_PRODUCT = YES;
			};
			name = Release;
		};
		618C8A7C18F566B400E6BA1B /* Debug */ = {
			isa = XCBuildConfiguration;
			buildSettings = {
				ASSETCATALOG_COMPILER_APPICON_NAME = AppIcon;
				ASSETCATALOG_COMPILER_LAUNCHIMAGE_NAME = LaunchImage;
				GCC_PRECOMPILE_PREFIX_HEADER = YES;
				GCC_PREFIX_HEADER = "TaxiService/TaxiService-Prefix.pch";
				INFOPLIST_FILE = "TaxiService/TaxiService-Info.plist";
				PRODUCT_NAME = "$(TARGET_NAME)";
				WRAPPER_EXTENSION = app;
			};
			name = Debug;
		};
		618C8A7D18F566B400E6BA1B /* Release */ = {
			isa = XCBuildConfiguration;
			buildSettings = {
				ASSETCATALOG_COMPILER_APPICON_NAME = AppIcon;
				ASSETCATALOG_COMPILER_LAUNCHIMAGE_NAME = LaunchImage;
				GCC_PRECOMPILE_PREFIX_HEADER = YES;
				GCC_PREFIX_HEADER = "TaxiService/TaxiService-Prefix.pch";
				INFOPLIST_FILE = "TaxiService/TaxiService-Info.plist";
				PRODUCT_NAME = "$(TARGET_NAME)";
				WRAPPER_EXTENSION = app;
			};
			name = Release;
		};
		618C8A7F18F566B400E6BA1B /* Debug */ = {
			isa = XCBuildConfiguration;
			buildSettings = {
				ARCHS = "$(ARCHS_STANDARD_INCLUDING_64_BIT)";
				BUNDLE_LOADER = "$(BUILT_PRODUCTS_DIR)/TaxiService.app/TaxiService";
				FRAMEWORK_SEARCH_PATHS = (
					"$(SDKROOT)/Developer/Library/Frameworks",
					"$(inherited)",
					"$(DEVELOPER_FRAMEWORKS_DIR)",
				);
				GCC_PRECOMPILE_PREFIX_HEADER = YES;
				GCC_PREFIX_HEADER = "TaxiService/TaxiService-Prefix.pch";
				GCC_PREPROCESSOR_DEFINITIONS = (
					"DEBUG=1",
					"$(inherited)",
				);
				INFOPLIST_FILE = "TaxiServiceTests/TaxiServiceTests-Info.plist";
				PRODUCT_NAME = "$(TARGET_NAME)";
				TEST_HOST = "$(BUNDLE_LOADER)";
				WRAPPER_EXTENSION = xctest;
			};
			name = Debug;
		};
		618C8A8018F566B400E6BA1B /* Release */ = {
			isa = XCBuildConfiguration;
			buildSettings = {
				ARCHS = "$(ARCHS_STANDARD_INCLUDING_64_BIT)";
				BUNDLE_LOADER = "$(BUILT_PRODUCTS_DIR)/TaxiService.app/TaxiService";
				FRAMEWORK_SEARCH_PATHS = (
					"$(SDKROOT)/Developer/Library/Frameworks",
					"$(inherited)",
					"$(DEVELOPER_FRAMEWORKS_DIR)",
				);
				GCC_PRECOMPILE_PREFIX_HEADER = YES;
				GCC_PREFIX_HEADER = "TaxiService/TaxiService-Prefix.pch";
				INFOPLIST_FILE = "TaxiServiceTests/TaxiServiceTests-Info.plist";
				PRODUCT_NAME = "$(TARGET_NAME)";
				TEST_HOST = "$(BUNDLE_LOADER)";
				WRAPPER_EXTENSION = xctest;
			};
			name = Release;
		};
/* End XCBuildConfiguration section */

/* Begin XCConfigurationList section */
		618C8A4418F566B300E6BA1B /* Build configuration list for PBXProject "TaxiService" */ = {
			isa = XCConfigurationList;
			buildConfigurations = (
				618C8A7918F566B400E6BA1B /* Debug */,
				618C8A7A18F566B400E6BA1B /* Release */,
			);
			defaultConfigurationIsVisible = 0;
			defaultConfigurationName = Release;
		};
		618C8A7B18F566B400E6BA1B /* Build configuration list for PBXNativeTarget "TaxiService" */ = {
			isa = XCConfigurationList;
			buildConfigurations = (
				618C8A7C18F566B400E6BA1B /* Debug */,
				618C8A7D18F566B400E6BA1B /* Release */,
			);
			defaultConfigurationIsVisible = 0;
		};
		618C8A7E18F566B400E6BA1B /* Build configuration list for PBXNativeTarget "TaxiServiceTests" */ = {
			isa = XCConfigurationList;
			buildConfigurations = (
				618C8A7F18F566B400E6BA1B /* Debug */,
				618C8A8018F566B400E6BA1B /* Release */,
			);
			defaultConfigurationIsVisible = 0;
		};
/* End XCConfigurationList section */
	};
	rootObject = 618C8A4118F566B300E6BA1B /* Project object */;
}
